
Microsoft Visual Studio Solution File, Format Version 12.00
# Visual Studio 15
VisualStudioVersion = 15.0.28010.2046
MinimumVisualStudioVersion = 10.0.40219.1
Project("{FAE04EC0-301F-11D3-BF4B-00C04F79EFBC}") = "CWeatherApp", "CWeatherApp\CWeatherApp.csproj", "{FA1C864F-A8A0-4FD1-A812-19F852794DC4}"
EndProject
Global
	GlobalSection(SolutionConfigurationPlatforms) = preSolution
		Debug|Any CPU = Debug|Any CPU
		Release|Any CPU = Release|Any CPU
	EndGlobalSection
	GlobalSection(ProjectConfigurationPlatforms) = postSolution
		{FA1C864F-A8A0-4FD1-A812-19F852794DC4}.Debug|Any CPU.ActiveCfg = Debug|Any CPU
		{FA1C864F-A8A0-4FD1-A812-19F852794DC4}.Debug|Any CPU.Build.0 = Debug|Any CPU
		{FA1C864F-A8A0-4FD1-A812-19F852794DC4}.Release|Any CPU.ActiveCfg = Release|Any CPU
		{FA1C864F-A8A0-4FD1-A812-19F852794DC4}.Release|Any CPU.Build.0 = Release|Any CPU
	EndGlobalSection
	GlobalSection(SolutionProperties) = preSolution
		HideSolutionNode = FALSE
	EndGlobalSection
	GlobalSection(ExtensibilityGlobals) = postSolution
		SolutionGuid = {1CB76C32-84EF-4097-89C0-DEFC0189FFE1}
	EndGlobalSection
EndGlobal
